{
  "name": "assets",
  "lockfileVersion": 2,
  "requires": true,
  "packages": {
    "": {
      "dependencies": {
        "audiomotion-analyzer": "^4.4.0"
      }
    },
    "node_modules/audiomotion-analyzer": {
      "version": "4.4.0",
      "resolved": "https://registry.npmjs.org/audiomotion-analyzer/-/audiomotion-analyzer-4.4.0.tgz",
      "integrity": "sha512-vba/mHQPF31NkLD+5K/0yRcmd33aaBqKx0T48dav/vc+2AQAizHCMFLxROTsVE27HsGdacwC9H1DsV3YazeKwA==",
      "funding": {
        "type": "Ko-fi",
        "url": "https://ko-fi.com/hvianna"
      }
    }
  },
  "dependencies": {
    "audiomotion-analyzer": {
      "version": "4.4.0",
      "resolved": "https://registry.npmjs.org/audiomotion-analyzer/-/audiomotion-analyzer-4.4.0.tgz",
      "integrity": "sha512-vba/mHQPF31NkLD+5K/0yRcmd33aaBqKx0T48dav/vc+2AQAizHCMFLxROTsVE27HsGdacwC9H1DsV3YazeKwA=="
    }
  }
}
